
Microsoft Visual Studio Solution File, Format Version 12.00
Project("{FAE04EC0-301F-11D3-BF4B-00C04F79EFBC}") = "_04_FindInPartiallySortedMatrix", "_04_FindInPartiallySortedMatrix\_04_FindInPartiallySortedMatrix.csproj", "{86F8D1EE-82E7-473B-98B6-93D0F47CCEA2}"
EndProject
Project("{FAE04EC0-301F-11D3-BF4B-00C04F79EFBC}") = "_05_ReplaceSpaces", "_05_ReplaceSpaces\_05_ReplaceSpaces.csproj", "{C791388A-2757-4651-A65A-84C69B9B40BE}"
EndProject
Project("{FAE04EC0-301F-11D3-BF4B-00C04F79EFBC}") = "_06_PrintListInReversedOrder", "_06_PrintListInReversedOrder\_06_PrintListInReversedOrder.csproj", "{F28E00F7-668C-4265-AA2D-DE8BA7776614}"
EndProject
Project("{FAE04EC0-301F-11D3-BF4B-00C04F79EFBC}") = "_07_ConstructBinaryTree", "_07_ConstructBinaryTree\_07_ConstructBinaryTree.csproj", "{1CC36351-95C1-47B7-BB84-27D1465D684C}"
EndProject
Project("{FAE04EC0-301F-11D3-BF4B-00C04F79EFBC}") = "_08_NextNodeInBinaryTrees", "_08_NextNodeInBinaryTrees\_08_NextNodeInBinaryTrees.csproj", "{43923272-5AB7-4D02-B0BC-AA1249F1CFC2}"
EndProject
Project("{FAE04EC0-301F-11D3-BF4B-00C04F79EFBC}") = "_09_QueueWithTwoStacks", "_09_QueueWithTwoStacks\_09_QueueWithTwoStacks.csproj", "{9BECF112-A2B0-4C0B-8636-941BF0297218}"
EndProject
Project("{FAE04EC0-301F-11D3-BF4B-00C04F79EFBC}") = "_10_Fibonacci", "_10_Fibonacci\_10_Fibonacci.csproj", "{7557D38A-47C3-4EB6-87EF-C9A6CA8E16B1}"
EndProject
Global
	GlobalSection(SolutionConfigurationPlatforms) = preSolution
		Debug|Any CPU = Debug|Any CPU
		Release|Any CPU = Release|Any CPU
	EndGlobalSection
	GlobalSection(ProjectConfigurationPlatforms) = postSolution
		{86F8D1EE-82E7-473B-98B6-93D0F47CCEA2}.Debug|Any CPU.ActiveCfg = Debug|Any CPU
		{86F8D1EE-82E7-473B-98B6-93D0F47CCEA2}.Debug|Any CPU.Build.0 = Debug|Any CPU
		{86F8D1EE-82E7-473B-98B6-93D0F47CCEA2}.Release|Any CPU.ActiveCfg = Release|Any CPU
		{86F8D1EE-82E7-473B-98B6-93D0F47CCEA2}.Release|Any CPU.Build.0 = Release|Any CPU
		{C791388A-2757-4651-A65A-84C69B9B40BE}.Debug|Any CPU.ActiveCfg = Debug|Any CPU
		{C791388A-2757-4651-A65A-84C69B9B40BE}.Debug|Any CPU.Build.0 = Debug|Any CPU
		{C791388A-2757-4651-A65A-84C69B9B40BE}.Release|Any CPU.ActiveCfg = Release|Any CPU
		{C791388A-2757-4651-A65A-84C69B9B40BE}.Release|Any CPU.Build.0 = Release|Any CPU
		{F28E00F7-668C-4265-AA2D-DE8BA7776614}.Debug|Any CPU.ActiveCfg = Debug|Any CPU
		{F28E00F7-668C-4265-AA2D-DE8BA7776614}.Debug|Any CPU.Build.0 = Debug|Any CPU
		{F28E00F7-668C-4265-AA2D-DE8BA7776614}.Release|Any CPU.ActiveCfg = Release|Any CPU
		{F28E00F7-668C-4265-AA2D-DE8BA7776614}.Release|Any CPU.Build.0 = Release|Any CPU
		{1CC36351-95C1-47B7-BB84-27D1465D684C}.Debug|Any CPU.ActiveCfg = Debug|Any CPU
		{1CC36351-95C1-47B7-BB84-27D1465D684C}.Debug|Any CPU.Build.0 = Debug|Any CPU
		{1CC36351-95C1-47B7-BB84-27D1465D684C}.Release|Any CPU.ActiveCfg = Release|Any CPU
		{1CC36351-95C1-47B7-BB84-27D1465D684C}.Release|Any CPU.Build.0 = Release|Any CPU
		{43923272-5AB7-4D02-B0BC-AA1249F1CFC2}.Debug|Any CPU.ActiveCfg = Debug|Any CPU
		{43923272-5AB7-4D02-B0BC-AA1249F1CFC2}.Debug|Any CPU.Build.0 = Debug|Any CPU
		{43923272-5AB7-4D02-B0BC-AA1249F1CFC2}.Release|Any CPU.ActiveCfg = Release|Any CPU
		{43923272-5AB7-4D02-B0BC-AA1249F1CFC2}.Release|Any CPU.Build.0 = Release|Any CPU
		{9BECF112-A2B0-4C0B-8636-941BF0297218}.Debug|Any CPU.ActiveCfg = Debug|Any CPU
		{9BECF112-A2B0-4C0B-8636-941BF0297218}.Debug|Any CPU.Build.0 = Debug|Any CPU
		{9BECF112-A2B0-4C0B-8636-941BF0297218}.Release|Any CPU.ActiveCfg = Release|Any CPU
		{9BECF112-A2B0-4C0B-8636-941BF0297218}.Release|Any CPU.Build.0 = Release|Any CPU
		{7557D38A-47C3-4EB6-87EF-C9A6CA8E16B1}.Debug|Any CPU.ActiveCfg = Debug|Any CPU
		{7557D38A-47C3-4EB6-87EF-C9A6CA8E16B1}.Debug|Any CPU.Build.0 = Debug|Any CPU
		{7557D38A-47C3-4EB6-87EF-C9A6CA8E16B1}.Release|Any CPU.ActiveCfg = Release|Any CPU
		{7557D38A-47C3-4EB6-87EF-C9A6CA8E16B1}.Release|Any CPU.Build.0 = Release|Any CPU
	EndGlobalSection
EndGlobal
